
Microsoft Visual Studio Solution File, Format Version 12.00
# Visual Studio Version 16
VisualStudioVersion = 16.0.31129.286
MinimumVisualStudioVersion = 10.0.40219.1
Project("{FAE04EC0-301F-11D3-BF4B-00C04F79EFBC}") = "gridmatrix", "gridmatrix.csproj", "{38FFA5D8-4639-4B5F-BBC3-702D4DE2DE41}"
EndProject
Global
	GlobalSection(SolutionConfigurationPlatforms) = preSolution
		Debug|Any CPU = Debug|Any CPU
		Release|Any CPU = Release|Any CPU
	EndGlobalSection
	GlobalSection(ProjectConfigurationPlatforms) = postSolution
		{38FFA5D8-4639-4B5F-BBC3-702D4DE2DE41}.Debug|Any CPU.ActiveCfg = Debug|Any CPU
		{38FFA5D8-4639-4B5F-BBC3-702D4DE2DE41}.Debug|Any CPU.Build.0 = Debug|Any CPU
		{38FFA5D8-4639-4B5F-BBC3-702D4DE2DE41}.Release|Any CPU.ActiveCfg = Release|Any CPU
		{38FFA5D8-4639-4B5F-BBC3-702D4DE2DE41}.Release|Any CPU.Build.0 = Release|Any CPU
	EndGlobalSection
	GlobalSection(SolutionProperties) = preSolution
		HideSolutionNode = FALSE
	EndGlobalSection
	GlobalSection(ExtensibilityGlobals) = postSolution
		SolutionGuid = {5DD636B8-C50D-461A-9322-190EB84388B5}
	EndGlobalSection
EndGlobal
